
Microsoft Visual Studio Solution File, Format Version 12.00
# Visual Studio Version 16
VisualStudioVersion = 16.0.29920.165
MinimumVisualStudioVersion = 10.0.40219.1
Project("{FAE04EC0-301F-11D3-BF4B-00C04F79EFBC}") = "PrimerParcial_Aplicada2", "PrimerParcial_Aplicada2\PrimerParcial_Aplicada2.csproj", "{A6AF1E08-31BF-44B8-ADBA-0849141AFDF3}"
EndProject
Global
	GlobalSection(SolutionConfigurationPlatforms) = preSolution
		Debug|Any CPU = Debug|Any CPU
		Release|Any CPU = Release|Any CPU
	EndGlobalSection
	GlobalSection(ProjectConfigurationPlatforms) = postSolution
		{A6AF1E08-31BF-44B8-ADBA-0849141AFDF3}.Debug|Any CPU.ActiveCfg = Debug|Any CPU
		{A6AF1E08-31BF-44B8-ADBA-0849141AFDF3}.Debug|Any CPU.Build.0 = Debug|Any CPU
		{A6AF1E08-31BF-44B8-ADBA-0849141AFDF3}.Release|Any CPU.ActiveCfg = Release|Any CPU
		{A6AF1E08-31BF-44B8-ADBA-0849141AFDF3}.Release|Any CPU.Build.0 = Release|Any CPU
	EndGlobalSection
	GlobalSection(SolutionProperties) = preSolution
		HideSolutionNode = FALSE
	EndGlobalSection
	GlobalSection(ExtensibilityGlobals) = postSolution
		SolutionGuid = {AA4EF91C-4EFE-4246-8C62-12AEEBE5EFF3}
	EndGlobalSection
EndGlobal
